<Project xmlns="http://schemas.microsoft.com/developer/msbuild/2003">
    <PropertyGroup>
        <ProjectGuid>{4DA48F00-4F93-467C-87E7-C49D0E0CBD7A}</ProjectGuid>
        <MainSource>AppWeb.dpr</MainSource>
        <Base>True</Base>
        <Config Condition="'$(Config)'==''">Debug</Config>
        <TargetedPlatforms>1027</TargetedPlatforms>
        <AppType>Application</AppType>
        <FrameworkType>VCL</FrameworkType>
        <ProjectVersion>18.2</ProjectVersion>
        <Platform Condition="'$(Platform)'==''">Win64</Platform>
    </PropertyGroup>
    <PropertyGroup Condition="'$(Config)'=='Base' or '$(Base)'!=''">
        <Base>true</Base>
    </PropertyGroup>
    <PropertyGroup Condition="('$(Platform)'=='Win32' and '$(Base)'=='true') or '$(Base_Win32)'!=''">
        <Base_Win32>true</Base_Win32>
        <CfgParent>Base</CfgParent>
        <Base>true</Base>
    </PropertyGroup>
    <PropertyGroup Condition="('$(Platform)'=='Win64' and '$(Base)'=='true') or '$(Base_Win64)'!=''">
        <Base_Win64>true</Base_Win64>
        <CfgParent>Base</CfgParent>
        <Base>true</Base>
    </PropertyGroup>
    <PropertyGroup Condition="'$(Config)'=='Release' or '$(Cfg_1)'!=''">
        <Cfg_1>true</Cfg_1>
        <CfgParent>Base</CfgParent>
        <Base>true</Base>
    </PropertyGroup>
    <PropertyGroup Condition="('$(Platform)'=='iOSDevice64' and '$(Cfg_1)'=='true') or '$(Cfg_1_iOSDevice64)'!=''">
        <Cfg_1_iOSDevice64>true</Cfg_1_iOSDevice64>
        <CfgParent>Cfg_1</CfgParent>
        <Cfg_1>true</Cfg_1>
        <Base>true</Base>
    </PropertyGroup>
    <PropertyGroup Condition="('$(Platform)'=='Win32' and '$(Cfg_1)'=='true') or '$(Cfg_1_Win32)'!=''">
        <Cfg_1_Win32>true</Cfg_1_Win32>
        <CfgParent>Cfg_1</CfgParent>
        <Cfg_1>true</Cfg_1>
        <Base>true</Base>
    </PropertyGroup>
    <PropertyGroup Condition="('$(Platform)'=='Win64' and '$(Cfg_1)'=='true') or '$(Cfg_1_Win64)'!=''">
        <Cfg_1_Win64>true</Cfg_1_Win64>
        <CfgParent>Cfg_1</CfgParent>
        <Cfg_1>true</Cfg_1>
        <Base>true</Base>
    </PropertyGroup>
    <PropertyGroup Condition="'$(Config)'=='Debug' or '$(Cfg_2)'!=''">
        <Cfg_2>true</Cfg_2>
        <CfgParent>Base</CfgParent>
        <Base>true</Base>
    </PropertyGroup>
    <PropertyGroup Condition="('$(Platform)'=='iOSDevice64' and '$(Cfg_2)'=='true') or '$(Cfg_2_iOSDevice64)'!=''">
        <Cfg_2_iOSDevice64>true</Cfg_2_iOSDevice64>
        <CfgParent>Cfg_2</CfgParent>
        <Cfg_2>true</Cfg_2>
        <Base>true</Base>
    </PropertyGroup>
    <PropertyGroup Condition="('$(Platform)'=='Win32' and '$(Cfg_2)'=='true') or '$(Cfg_2_Win32)'!=''">
        <Cfg_2_Win32>true</Cfg_2_Win32>
        <CfgParent>Cfg_2</CfgParent>
        <Cfg_2>true</Cfg_2>
        <Base>true</Base>
    </PropertyGroup>
    <PropertyGroup Condition="('$(Platform)'=='Win64' and '$(Cfg_2)'=='true') or '$(Cfg_2_Win64)'!=''">
        <Cfg_2_Win64>true</Cfg_2_Win64>
        <CfgParent>Cfg_2</CfgParent>
        <Cfg_2>true</Cfg_2>
        <Base>true</Base>
    </PropertyGroup>
    <PropertyGroup Condition="'$(Base)'!=''">
        <DCC_S>false</DCC_S>
        <DCC_ImageBase>00400000</DCC_ImageBase>
        <DCC_F>false</DCC_F>
        <VerInfo_Locale>1046</VerInfo_Locale>
        <DCC_N>false</DCC_N>
        <VerInfo_Keys>CompanyName=;FileDescription=;FileVersion=1.0.0.0;InternalName=;LegalCopyright=;LegalTrademarks=;OriginalFilename=;ProductName=;ProductVersion=1.0.0.0;Comments=;CFBundleName=</VerInfo_Keys>
        <DCC_E>false</DCC_E>
        <SanitizedProjectName>AppWeb</SanitizedProjectName>
        <DCC_Namespace>Vcl;Vcl.Imaging;Vcl.Touch;Vcl.Samples;Vcl.Shell;System;Xml;Data;Datasnap;Web;Soap;Winapi;$(DCC_Namespace)</DCC_Namespace>
        <DCC_K>false</DCC_K>
    </PropertyGroup>
    <PropertyGroup Condition="'$(Base_Win32)'!=''">
        <AppEnableRuntimeThemes>true</AppEnableRuntimeThemes>
        <Manifest_File>$(BDS)\bin\default_app.manifest</Manifest_File>
        <VerInfo_IncludeVerInfo>true</VerInfo_IncludeVerInfo>
        <VerInfo_Locale>1033</VerInfo_Locale>
        <DCC_Namespace>System.Win;Data.Win;Datasnap.Win;Web.Win;Soap.Win;Xml.Win;Bde;$(DCC_Namespace)</DCC_Namespace>
        <UWP_DelphiLogo150>$(BDS)\bin\Artwork\Windows\UWP\delphi_UwpDefault_150.png</UWP_DelphiLogo150>
        <BT_BuildType>Debug</BT_BuildType>
        <VerInfo_Keys>CompanyName=;FileDescription=$(MSBuildProjectName);FileVersion=1.0.0.0;InternalName=;LegalCopyright=;LegalTrademarks=;OriginalFilename=;ProductName=$(MSBuildProjectName);ProductVersion=1.0.0.0;Comments=;ProgramID=com.embarcadero.$(ModuleName)</VerInfo_Keys>
        <UWP_DelphiLogo44>$(BDS)\bin\Artwork\Windows\UWP\delphi_UwpDefault_44.png</UWP_DelphiLogo44>
    </PropertyGroup>
    <PropertyGroup Condition="'$(Base_Win64)'!=''">
        <VerInfo_IncludeVerInfo>true</VerInfo_IncludeVerInfo>
        <Manifest_File>$(BDS)\bin\default_app.manifest</Manifest_File>
        <DCC_Namespace>System.Win;Data.Win;Datasnap.Win;Web.Win;Soap.Win;Xml.Win;$(DCC_Namespace)</DCC_Namespace>
        <VerInfo_Keys>CompanyName=;FileDescription=$(MSBuildProjectName);FileVersion=1.0.0.0;InternalName=;LegalCopyright=;LegalTrademarks=;OriginalFilename=;ProgramID=com.embarcadero.$(MSBuildProjectName);ProductName=$(MSBuildProjectName);ProductVersion=1.0.0.0;Comments=</VerInfo_Keys>
        <VerInfo_Locale>1033</VerInfo_Locale>
        <BT_BuildType>Debug</BT_BuildType>
        <UWP_DelphiLogo44>$(BDS)\bin\Artwork\Windows\UWP\delphi_UwpDefault_44.png</UWP_DelphiLogo44>
        <UWP_DelphiLogo150>$(BDS)\bin\Artwork\Windows\UWP\delphi_UwpDefault_150.png</UWP_DelphiLogo150>
    </PropertyGroup>
    <PropertyGroup Condition="'$(Cfg_1)'!=''">
        <DCC_LocalDebugSymbols>false</DCC_LocalDebugSymbols>
        <DCC_Define>RELEASE;$(DCC_Define)</DCC_Define>
        <DCC_DebugInformation>0</DCC_DebugInformation>
        <DCC_SymbolReferenceInfo>0</DCC_SymbolReferenceInfo>
    </PropertyGroup>
    <PropertyGroup Condition="'$(Cfg_1_iOSDevice64)'!=''">
        <BT_BuildType>Debug</BT_BuildType>
    </PropertyGroup>
    <PropertyGroup Condition="'$(Cfg_1_Win32)'!=''">
        <AppEnableHighDPI>true</AppEnableHighDPI>
        <AppEnableRuntimeThemes>true</AppEnableRuntimeThemes>
    </PropertyGroup>
    <PropertyGroup Condition="'$(Cfg_1_Win64)'!=''">
        <AppEnableHighDPI>true</AppEnableHighDPI>
        <AppEnableRuntimeThemes>true</AppEnableRuntimeThemes>
    </PropertyGroup>
    <PropertyGroup Condition="'$(Cfg_2)'!=''">
        <DCC_Define>DEBUG;$(DCC_Define)</DCC_Define>
        <DCC_GenerateStackFrames>true</DCC_GenerateStackFrames>
        <DCC_Optimize>false</DCC_Optimize>
    </PropertyGroup>
    <PropertyGroup Condition="'$(Cfg_2_iOSDevice64)'!=''">
        <BT_BuildType>Debug</BT_BuildType>
    </PropertyGroup>
    <PropertyGroup Condition="'$(Cfg_2_Win32)'!=''">
        <AppEnableHighDPI>true</AppEnableHighDPI>
        <AppEnableRuntimeThemes>true</AppEnableRuntimeThemes>
    </PropertyGroup>
    <PropertyGroup Condition="'$(Cfg_2_Win64)'!=''">
        <AppEnableHighDPI>true</AppEnableHighDPI>
        <AppEnableRuntimeThemes>true</AppEnableRuntimeThemes>
    </PropertyGroup>
    <ItemGroup>
        <DelphiCompile Include="$(MainSource)">
            <MainSource>MainSource</MainSource>
        </DelphiCompile>
        <DCCReference Include="ServerModule.pas">
            <Form>UniServerModule</Form>
            <DesignClass>TUniGUIServerModule</DesignClass>
        </DCCReference>
        <DCCReference Include="MainModule.pas">
            <Form>c</Form>
            <DesignClass>TUniGUIMainModule</DesignClass>
        </DCCReference>
        <DCCReference Include="Mainm.pas">
            <Form>MainmForm</Form>
            <DesignClass>TUnimForm</DesignClass>
        </DCCReference>
        <DCCReference Include="units\umain.pas">
            <Form>UniMainFrame</Form>
            <DesignClass>TUniFrame</DesignClass>
        </DCCReference>
        <DCCReference Include="uPedidos.pas">
            <Form>frmPedidos</Form>
            <DesignClass>TUnimForm</DesignClass>
        </DCCReference>
        <DCCReference Include="units\ButtonsStandardButtons.pas">
            <Form>UniButtonsStandardButtons</Form>
            <DesignClass>TUniFrame</DesignClass>
        </DCCReference>
        <DCCReference Include="units\ButtonsUIShapeButtons.pas">
            <Form>UniButtonsUIShapeButtons</Form>
            <DesignClass>TUniFrame</DesignClass>
        </DCCReference>
        <DCCReference Include="units\ButtonsIconButtons.pas">
            <Form>UniButtonsIconButtons</Form>
            <DesignClass>TUniFrame</DesignClass>
        </DCCReference>
        <DCCReference Include="units\ButtonsBitBtns.pas">
            <Form>UniButtonsBitBtns</Form>
            <DesignClass>TUniFrame</DesignClass>
        </DCCReference>
        <DCCReference Include="units\ButtonsSegmentedButton.pas">
            <Form>UniButtonsSegmentedButton</Form>
            <DesignClass>TUniFrame</DesignClass>
        </DCCReference>
        <DCCReference Include="units\FormControlsEditProperties.pas">
            <Form>UniFormControlsEditProperties</Form>
            <DesignClass>TUniFrame</DesignClass>
        </DCCReference>
        <DCCReference Include="units\FormControlsEditTypes.pas">
            <Form>UniFormControlsEditTypes</Form>
            <DesignClass>TUniFrame</DesignClass>
        </DCCReference>
        <DCCReference Include="units\FormControlsEditEvents.pas">
            <Form>UniFormControlsEditEvents</Form>
            <DesignClass>TUniFrame</DesignClass>
        </DCCReference>
        <DCCReference Include="units\FormControlsCheckBox.pas">
            <Form>UniFormControlsCheckBox</Form>
            <DesignClass>TUniFrame</DesignClass>
        </DCCReference>
        <DCCReference Include="units\FormControlsSelect.pas">
            <Form>UniFormControlsSelect</Form>
            <DesignClass>TUniFrame</DesignClass>
        </DCCReference>
        <DCCReference Include="units\FormControlsSelectEvents.pas">
            <Form>UniFormControlsSelectEvents</Form>
            <DesignClass>TUniFrame</DesignClass>
        </DCCReference>
        <DCCReference Include="units\FormControlsDatepicker.pas">
            <Form>UniFormControlsDatepicker</Form>
            <DesignClass>TUniFrame</DesignClass>
        </DCCReference>
        <DCCReference Include="units\FormControlsLabel.pas">
            <Form>UniFormControlsLabel</Form>
            <DesignClass>TUniFrame</DesignClass>
        </DCCReference>
        <DCCReference Include="units\FormControlsList.pas">
            <Form>UniFormControlsList</Form>
            <DesignClass>TUniFrame</DesignClass>
        </DCCReference>
        <DCCReference Include="units\FormControlsList\DisclosureIcon.pas">
            <Form>DisclosureIconForm</Form>
            <DesignClass>TUnimForm</DesignClass>
        </DCCReference>
        <DCCReference Include="units\FormControlsList\GroupedList.pas">
            <Form>GroupedForm</Form>
            <DesignClass>TUnimForm</DesignClass>
        </DCCReference>
        <DCCReference Include="units\FormControlsList\SortedList.pas">
            <Form>SortedForm</Form>
            <DesignClass>TUnimForm</DesignClass>
        </DCCReference>
        <DCCReference Include="units\FormControlsList\StripedList.pas">
            <Form>StripedForm</Form>
            <DesignClass>TUnimForm</DesignClass>
        </DCCReference>
        <DCCReference Include="units\FormControlsListEvents.pas">
            <Form>UniFormControlsListEvents</Form>
            <DesignClass>TUniFrame</DesignClass>
        </DCCReference>
        <DCCReference Include="units\FormControlsMemo.pas">
            <Form>UniFormControlsMemo</Form>
            <DesignClass>TUniFrame</DesignClass>
        </DCCReference>
        <DCCReference Include="units\FormControlsToggle.pas">
            <Form>UniFormControlsToggle</Form>
            <DesignClass>TUniFrame</DesignClass>
        </DCCReference>
        <DCCReference Include="units\FormControlsSlider.pas">
            <Form>UniFormControlsSlider</Form>
            <DesignClass>TUniFrame</DesignClass>
        </DCCReference>
        <DCCReference Include="units\FormControlsRadio.pas">
            <Form>UniFormControlsRadio</Form>
            <DesignClass>TUniFrame</DesignClass>
        </DCCReference>
        <DCCReference Include="units\FormControlsNestedList.pas">
            <Form>UniFormControlsNestedList</Form>
            <DesignClass>TUniFrame</DesignClass>
        </DCCReference>
        <DCCReference Include="units\FormControlsFieldSet.pas">
            <Form>UniFormControlsFieldSet</Form>
            <DesignClass>TUniFrame</DesignClass>
        </DCCReference>
        <DCCReference Include="units\FormControlsFieldSet2.pas">
            <Form>UniFormControlsFieldSet2</Form>
            <DesignClass>TUniFrame</DesignClass>
        </DCCReference>
        <DCCReference Include="units\FormControlsFieldSet2\TableFieldSet.pas">
            <Form>FieldSetForm</Form>
            <DesignClass>TUnimForm</DesignClass>
        </DCCReference>
        <DCCReference Include="units\PanelsMobilePanel.pas">
            <Form>UniPanelsMobilePanel</Form>
            <DesignClass>TUniFrame</DesignClass>
        </DCCReference>
        <DCCReference Include="units\PanelsContainerPanel.pas">
            <Form>UniPanelsContainerPanel</Form>
            <DesignClass>TUniFrame</DesignClass>
        </DCCReference>
        <DCCReference Include="units\TabPanelTabPanel.pas">
            <Form>UniTabPanelTabPanel</Form>
            <DesignClass>TUniFrame</DesignClass>
        </DCCReference>
        <DCCReference Include="units\CarouselCarousel.pas">
            <Form>UniCarouselCarousel</Form>
            <DesignClass>TUniFrame</DesignClass>
        </DCCReference>
        <DCCReference Include="units\ImageImage.pas">
            <Form>UniImageImage</Form>
            <DesignClass>TUniFrame</DesignClass>
        </DCCReference>
        <DCCReference Include="units\UploadDownloadFileUpload.pas">
            <Form>UniUploadDownloadFileUpload</Form>
            <DesignClass>TUniFrame</DesignClass>
        </DCCReference>
        <DCCReference Include="units\TimerTimer.pas">
            <Form>UniTimerTimer</Form>
            <DesignClass>TUniFrame</DesignClass>
        </DCCReference>
        <DCCReference Include="units\ToolbarSimpleToolbar.pas">
            <Form>UniToolbarSimpleToolbar</Form>
            <DesignClass>TUniFrame</DesignClass>
        </DCCReference>
        <DCCReference Include="units\ToolbarAdvancedToolbar.pas">
            <Form>UniToolbarAdvancedToolbar</Form>
            <DesignClass>TUniFrame</DesignClass>
        </DCCReference>
        <DCCReference Include="units\ScrollBoxScrollBox.pas">
            <Form>UniScrollBoxScrollBox</Form>
            <DesignClass>TUniFrame</DesignClass>
        </DCCReference>
        <DCCReference Include="units\MenuMenu.pas">
            <Form>UniMenuMenu</Form>
            <DesignClass>TUniFrame</DesignClass>
        </DCCReference>
        <DCCReference Include="units\CarouselCarrousel2.pas">
            <Form>UniCarouselCarrousel2</Form>
            <DesignClass>TUniFrame</DesignClass>
        </DCCReference>
        <DCCReference Include="units\CarouselCarrousel2\Unit1.pas">
            <Form>UnimCarouselSubForm1</Form>
            <DesignClass>TUnimForm</DesignClass>
        </DCCReference>
        <DCCReference Include="units\CarouselCarrousel2\Unit2.pas">
            <Form>UnimCarouselSubForm2</Form>
            <DesignClass>TUnimForm</DesignClass>
        </DCCReference>
        <DCCReference Include="units\MiscellaneousGoogleMaps.pas">
            <Form>UniMiscellaneousGoogleMaps</Form>
            <DesignClass>TUniFrame</DesignClass>
        </DCCReference>
        <DCCReference Include="units\MiscellaneousURLFrame.pas">
            <Form>UniMiscellaneousURLFrame</Form>
            <DesignClass>TUniFrame</DesignClass>
        </DCCReference>
        <DCCReference Include="units\DatabaseDBControls.pas">
            <Form>UniDatabaseDBControls</Form>
            <DesignClass>TUniFrame</DesignClass>
        </DCCReference>
        <DCCReference Include="units\DatabaseFishFactControls.pas">
            <Form>UniDatabaseFishFactControls</Form>
            <DesignClass>TUniFrame</DesignClass>
        </DCCReference>
        <DCCReference Include="units\DatabaseDBListGrid.pas">
            <Form>UniDatabaseDBListGrid</Form>
            <DesignClass>TUniFrame</DesignClass>
        </DCCReference>
        <DCCReference Include="units\DatabaseDBListGrid\EditForm.pas">
            <Form>UnimEditForm</Form>
            <DesignClass>TUnimForm</DesignClass>
        </DCCReference>
        <DCCReference Include="units\DatabaseDBListGrid\ShowDataForm.pas">
            <Form>UnimShowDataForm</Form>
            <DesignClass>TUnimForm</DesignClass>
        </DCCReference>
        <DCCReference Include="units\DatabaseFishFactDBListGrid.pas">
            <Form>UniDatabaseFishFactDBListGrid</Form>
            <DesignClass>TUniFrame</DesignClass>
        </DCCReference>
        <DCCReference Include="units\DatabaseFishFactWithoutDBControls.pas">
            <Form>UniDatabaseFishFactWithoutDBControls</Form>
            <DesignClass>TUniFrame</DesignClass>
        </DCCReference>
        <DCCReference Include="units\DatabaseFishFactWithoutDBControls\FishFact.pas">
            <Form>UnimForm1</Form>
            <DesignClass>TUnimForm</DesignClass>
        </DCCReference>
        <DCCReference Include="units\ClientsideAlignmentClientsideAlignment.pas">
            <Form>UniClientsideAlignmentClientsideAlignment</Form>
            <DesignClass>TUniFrame</DesignClass>
        </DCCReference>
        <DCCReference Include="units\ClientsideAlignmentLayoutFlex.pas">
            <Form>UniClientsideAlignmentLayoutFlex</Form>
            <DesignClass>TUniFrame</DesignClass>
        </DCCReference>
        <DCCReference Include="units\ClientsideAlignmentPackAlign.pas">
            <Form>UniClientsideAlignmentPackAlign</Form>
            <DesignClass>TUniFrame</DesignClass>
        </DCCReference>
        <DCCReference Include="units\MaskUIMask.pas">
            <Form>UniMaskUIMask</Form>
            <DesignClass>TUniFrame</DesignClass>
        </DCCReference>
        <DCCReference Include="units\ClientEventsEditClientEvents.pas">
            <Form>UniClientEventsEditClientEvents</Form>
            <DesignClass>TUniFrame</DesignClass>
        </DCCReference>
        <DCCReference Include="units\ClientEventsAjaxCallback.pas">
            <Form>UniClientEventsAjaxCallback</Form>
            <DesignClass>TUniFrame</DesignClass>
        </DCCReference>
        <DCCReference Include="units\ClientEventsResizeButton.pas">
            <Form>UniClientEventsResizeButton</Form>
            <DesignClass>TUniFrame</DesignClass>
        </DCCReference>
        <DCCReference Include="units\ClientEventsButtonClient.pas">
            <Form>UniClientEventsButtonClient</Form>
            <DesignClass>TUniFrame</DesignClass>
        </DCCReference>
        <DCCReference Include="units\UploadDownloadSimpleDownload.pas">
            <Form>UniUploadDownloadSimpleDownload</Form>
            <DesignClass>TUniFrame</DesignClass>
        </DCCReference>
        <DCCReference Include="units\UploadDownloadAdvancedDownload.pas">
            <Form>UniUploadDownloadAdvancedDownload</Form>
            <DesignClass>TUniFrame</DesignClass>
        </DCCReference>
        <DCCReference Include="units\UploadDownloadAdvancedDownload\DownloadFileAsForm.pas">
            <Form>DownloadFileAsForm1</Form>
            <DesignClass>TUnimForm</DesignClass>
        </DCCReference>
        <DCCReference Include="units\UploadDownloadSendFile.pas">
            <Form>UniUploadDownloadSendFile</Form>
            <DesignClass>TUniFrame</DesignClass>
        </DCCReference>
        <DCCReference Include="units\UploadDownloadSendFile\SendFileAsForm.pas">
            <Form>UniSendFileAs</Form>
            <DesignClass>TUnimForm</DesignClass>
        </DCCReference>
        <DCCReference Include="units\ButtonsUIConfirmationButtons.pas">
            <Form>UniButtonsUIConfirmationButtons</Form>
            <DesignClass>TUniFrame</DesignClass>
        </DCCReference>
        <DCCReference Include="units\ButtonsUIBackForwardButtons.pas">
            <Form>UniButtonsUIBackForwardButtons</Form>
            <DesignClass>TUniFrame</DesignClass>
        </DCCReference>
        <DCCReference Include="units\DatabaseFishFactDBGrid.pas">
            <Form>UniDatabaseFishFactDBGrid</Form>
            <DesignClass>TUniFrame</DesignClass>
        </DCCReference>
        <DCCReference Include="units\ChartsLineChart.pas">
            <Form>UniChartsLineChart</Form>
            <DesignClass>TUniFrame</DesignClass>
        </DCCReference>
        <DCCReference Include="units\MiscellaneousHTMLFrame.pas">
            <Form>UniMiscellaneousHTMLFrame</Form>
            <DesignClass>TUniFrame</DesignClass>
        </DCCReference>
        <DCCReference Include="units\ChartsPieChart.pas">
            <Form>UniChartsPieChart</Form>
            <DesignClass>TUniFrame</DesignClass>
        </DCCReference>
        <DCCReference Include="units\ChartsBarChart.pas">
            <Form>UniChartsBarChart</Form>
            <DesignClass>TUniFrame</DesignClass>
        </DCCReference>
        <DCCReference Include="units\ChartsHorizontalBarChart.pas">
            <Form>UniChartsHorizontalBarChart</Form>
            <DesignClass>TUniFrame</DesignClass>
        </DCCReference>
        <DCCReference Include="units\ChartsLineFillChart.pas">
            <Form>UniChartsLineFillChart</Form>
            <DesignClass>TUniFrame</DesignClass>
        </DCCReference>
        <DCCReference Include="units\ChartsGaugeChart.pas">
            <Form>UniChartsGaugeChart</Form>
            <DesignClass>TUniFrame</DesignClass>
        </DCCReference>
        <DCCReference Include="units\ChartsPieChartDefaultColor.pas">
            <Form>UniChartsPieChartDefaultColor</Form>
            <DesignClass>TUniFrame</DesignClass>
        </DCCReference>
        <DCCReference Include="units\FormsTitleButton.pas">
            <Form>UniFormsTitleButton</Form>
            <DesignClass>TUniFrame</DesignClass>
        </DCCReference>
        <DCCReference Include="units\FormsTitleButton\titleFormUnit.pas">
            <Form>TitleForm</Form>
            <DesignClass>TUnimForm</DesignClass>
        </DCCReference>
        <DCCReference Include="units\FormsTitleButton\titleSubUnit.pas">
            <Form>SubForm</Form>
            <DesignClass>TUnimForm</DesignClass>
        </DCCReference>
        <DCCReference Include="units\FormsDockedTitle.pas">
            <Form>UniFormsDockedTitle</Form>
            <DesignClass>TUniFrame</DesignClass>
        </DCCReference>
        <DCCReference Include="units\FormsDockedTitle\DockedtitleUnit.pas">
            <Form>UniDockedForm</Form>
            <DesignClass>TUnimForm</DesignClass>
        </DCCReference>
        <DCCReference Include="units\FormsFormTypes.pas">
            <Form>UniFormsFormTypes</Form>
            <DesignClass>TUniFrame</DesignClass>
        </DCCReference>
        <DCCReference Include="units\FormsFormTypes\FullScreenUnit.pas">
            <Form>UniFullScreenForm</Form>
            <DesignClass>TUnimForm</DesignClass>
        </DCCReference>
        <DCCReference Include="units\FormsFormTypes\ModalUnit.pas">
            <Form>UniModalForm</Form>
            <DesignClass>TUnimForm</DesignClass>
        </DCCReference>
        <DCCReference Include="units\FormsFormTypes\NonModalUnit.pas">
            <Form>UnimFormnonModal</Form>
            <DesignClass>TUnimForm</DesignClass>
        </DCCReference>
        <DCCReference Include="units\ChartsPie3DChart.pas">
            <Form>UniChartsPie3DChart</Form>
            <DesignClass>TUniFrame</DesignClass>
        </DCCReference>
        <DCCReference Include="units\ChartsRadarChart.pas">
            <Form>UniChartsRadarChart</Form>
            <DesignClass>TUniFrame</DesignClass>
        </DCCReference>
        <DCCReference Include="units\DBGridDBGridEditor.pas">
            <Form>UniDBGridDBGridEditor</Form>
            <DesignClass>TUniFrame</DesignClass>
        </DCCReference>
        <DCCReference Include="units\FormsFormTypes\ScrollableUnit.pas">
            <Form>UniScrollForm</Form>
            <DesignClass>TUnimForm</DesignClass>
        </DCCReference>
        <DCCReference Include="units\ChartsTwoCharts.pas">
            <Form>UniChartsTwoCharts</Form>
            <DesignClass>TUniFrame</DesignClass>
        </DCCReference>
        <DCCReference Include="units\ChartsAreaChart.pas">
            <Form>UniChartsAreaChart</Form>
            <DesignClass>TUniFrame</DesignClass>
        </DCCReference>
        <DCCReference Include="units\DBGridColumnResize.pas">
            <Form>UniDBGridColumnResize</Form>
            <DesignClass>TUniFrame</DesignClass>
        </DCCReference>
        <DCCReference Include="units\DBGridHeaderGrouping.pas">
            <Form>UniDBGridHeaderGrouping</Form>
            <DesignClass>TUniFrame</DesignClass>
        </DCCReference>
        <DCCReference Include="units\DBGridColumnSorting.pas">
            <Form>UniDBGridColumnSorting</Form>
            <DesignClass>TUniFrame</DesignClass>
        </DCCReference>
        <DCCReference Include="units\DBGridSummaryRow.pas">
            <Form>UniDBGridSummaryRow</Form>
            <DesignClass>TUniFrame</DesignClass>
        </DCCReference>
        <DCCReference Include="units\ChartsHybridChart.pas">
            <Form>UniChartsHybridChart</Form>
            <DesignClass>TUniFrame</DesignClass>
        </DCCReference>
        <DCCReference Include="units\ThemesChangeTheme.pas">
            <Form>UniThemesChangeTheme</Form>
            <DesignClass>TUniFrame</DesignClass>
        </DCCReference>
        <DCCReference Include="units\MiscellaneousBodyMassIndexCalculator.pas">
            <Form>UniMiscellaneousBodyMassIndexCalculator</Form>
            <DesignClass>TUniFrame</DesignClass>
        </DCCReference>
        <DCCReference Include="uLogin.pas">
            <Form>UnimLogin</Form>
            <FormType>dfm</FormType>
            <DesignClass>TUnimLoginForm</DesignClass>
        </DCCReference>
        <DCCReference Include="uItens.pas">
            <Form>frmItens</Form>
            <FormType>dfm</FormType>
            <DesignClass>TUnimForm</DesignClass>
        </DCCReference>
        <DCCReference Include="units\FormsFormTypes\UniModalQtdItens.pas">
            <Form>UFRMniModalQtdItens</Form>
            <FormType>dfm</FormType>
            <DesignClass>TUnimForm</DesignClass>
        </DCCReference>
        <DCCReference Include="units\FormsFormTypes\uRecontagemDeItem.pas">
            <Form>frmRecontagemDeItem</Form>
            <FormType>dfm</FormType>
            <DesignClass>TUnimForm</DesignClass>
        </DCCReference>
        <DCCReference Include="units\FormsFormTypes\uFaltaDeItem.pas">
            <Form>frmFaltaDeItem</Form>
            <FormType>dfm</FormType>
            <DesignClass>TUnimForm</DesignClass>
        </DCCReference>
        <DCCReference Include="units\FormsFormTypes\uSobraDeItem.pas">
            <Form>frmSobraDeItem</Form>
            <FormType>dfm</FormType>
            <DesignClass>TUnimForm</DesignClass>
        </DCCReference>
        <BuildConfiguration Include="Debug">
            <Key>Cfg_2</Key>
            <CfgParent>Base</CfgParent>
        </BuildConfiguration>
        <BuildConfiguration Include="Base">
            <Key>Base</Key>
        </BuildConfiguration>
        <BuildConfiguration Include="Release">
            <Key>Cfg_1</Key>
            <CfgParent>Base</CfgParent>
        </BuildConfiguration>
    </ItemGroup>
    <ProjectExtensions>
        <Borland.Personality>Delphi.Personality.12</Borland.Personality>
        <Borland.ProjectType/>
        <BorlandProject>
            <Delphi.Personality>
                <Source>
                    <Source Name="MainSource">AppWeb.dpr</Source>
                </Source>
            </Delphi.Personality>
            <Platforms>
                <Platform value="iOSDevice64">True</Platform>
                <Platform value="Win32">True</Platform>
                <Platform value="Win64">True</Platform>
            </Platforms>
            <Deployment Version="3">
                <DeployFile LocalName="AppWeb.exe" Configuration="Debug" Class="ProjectOutput">
                    <Platform Name="Win64">
                        <RemoteName>AppWeb.exe</RemoteName>
                        <Overwrite>true</Overwrite>
                    </Platform>
                </DeployFile>
                <DeployFile LocalName="AppWeb.exe" Configuration="Release" Class="ProjectOutput">
                    <Platform Name="Win64">
                        <RemoteName>AppWeb.exe</RemoteName>
                        <Overwrite>true</Overwrite>
                    </Platform>
                </DeployFile>
                <DeployClass Name="AdditionalDebugSymbols">
                    <Platform Name="iOSSimulator">
                        <Operation>1</Operation>
                    </Platform>
                    <Platform Name="OSX32">
                        <RemoteDir>Contents\MacOS</RemoteDir>
                        <Operation>1</Operation>
                    </Platform>
                    <Platform Name="Win32">
                        <RemoteDir>Contents\MacOS</RemoteDir>
                        <Operation>0</Operation>
                    </Platform>
                </DeployClass>
                <DeployClass Name="AndroidClassesDexFile">
                    <Platform Name="Android">
                        <RemoteDir>classes</RemoteDir>
                        <Operation>1</Operation>
                    </Platform>
                </DeployClass>
                <DeployClass Name="AndroidGDBServer">
                    <Platform Name="Android">
                        <RemoteDir>library\lib\armeabi-v7a</RemoteDir>
                        <Operation>1</Operation>
                    </Platform>
                </DeployClass>
                <DeployClass Name="AndroidLibnativeArmeabiFile">
                    <Platform Name="Android">
                        <RemoteDir>library\lib\armeabi</RemoteDir>
                        <Operation>1</Operation>
                    </Platform>
                </DeployClass>
                <DeployClass Name="AndroidLibnativeMipsFile">
                    <Platform Name="Android">
                        <RemoteDir>library\lib\mips</RemoteDir>
                        <Operation>1</Operation>
                    </Platform>
                </DeployClass>
                <DeployClass Name="AndroidServiceOutput">
                    <Platform Name="Android">
                        <RemoteDir>library\lib\armeabi-v7a</RemoteDir>
                        <Operation>1</Operation>
                    </Platform>
                </DeployClass>
                <DeployClass Name="AndroidSplashImageDef">
                    <Platform Name="Android">
                        <RemoteDir>res\drawable</RemoteDir>
                        <Operation>1</Operation>
                    </Platform>
                </DeployClass>
                <DeployClass Name="AndroidSplashStyles">
                    <Platform Name="Android">
                        <RemoteDir>res\values</RemoteDir>
                        <Operation>1</Operation>
                    </Platform>
                </DeployClass>
                <DeployClass Name="Android_DefaultAppIcon">
                    <Platform Name="Android">
                        <RemoteDir>res\drawable</RemoteDir>
                        <Operation>1</Operation>
                    </Platform>
                </DeployClass>
                <DeployClass Name="Android_LauncherIcon144">
                    <Platform Name="Android">
                        <RemoteDir>res\drawable-xxhdpi</RemoteDir>
                        <Operation>1</Operation>
                    </Platform>
                </DeployClass>
                <DeployClass Name="Android_LauncherIcon36">
                    <Platform Name="Android">
                        <RemoteDir>res\drawable-ldpi</RemoteDir>
                        <Operation>1</Operation>
                    </Platform>
                </DeployClass>
                <DeployClass Name="Android_LauncherIcon48">
                    <Platform Name="Android">
                        <RemoteDir>res\drawable-mdpi</RemoteDir>
                        <Operation>1</Operation>
                    </Platform>
                </DeployClass>
                <DeployClass Name="Android_LauncherIcon72">
                    <Platform Name="Android">
                        <RemoteDir>res\drawable-hdpi</RemoteDir>
                        <Operation>1</Operation>
                    </Platform>
                </DeployClass>
                <DeployClass Name="Android_LauncherIcon96">
                    <Platform Name="Android">
                        <RemoteDir>res\drawable-xhdpi</RemoteDir>
                        <Operation>1</Operation>
                    </Platform>
                </DeployClass>
                <DeployClass Name="Android_SplashImage426">
                    <Platform Name="Android">
                        <RemoteDir>res\drawable-small</RemoteDir>
                        <Operation>1</Operation>
                    </Platform>
                </DeployClass>
                <DeployClass Name="Android_SplashImage470">
                    <Platform Name="Android">
                        <RemoteDir>res\drawable-normal</RemoteDir>
                        <Operation>1</Operation>
                    </Platform>
                </DeployClass>
                <DeployClass Name="Android_SplashImage640">
                    <Platform Name="Android">
                        <RemoteDir>res\drawable-large</RemoteDir>
                        <Operation>1</Operation>
                    </Platform>
                </DeployClass>
                <DeployClass Name="Android_SplashImage960">
                    <Platform Name="Android">
                        <RemoteDir>res\drawable-xlarge</RemoteDir>
                        <Operation>1</Operation>
                    </Platform>
                </DeployClass>
                <DeployClass Name="DebugSymbols">
                    <Platform Name="iOSSimulator">
                        <Operation>1</Operation>
                    </Platform>
                    <Platform Name="OSX32">
                        <RemoteDir>Contents\MacOS</RemoteDir>
                        <Operation>1</Operation>
                    </Platform>
                    <Platform Name="Win32">
                        <Operation>0</Operation>
                    </Platform>
                </DeployClass>
                <DeployClass Name="DependencyFramework">
                    <Platform Name="OSX32">
                        <RemoteDir>Contents\MacOS</RemoteDir>
                        <Operation>1</Operation>
                        <Extensions>.framework</Extensions>
                    </Platform>
                    <Platform Name="Win32">
                        <Operation>0</Operation>
                    </Platform>
                </DeployClass>
                <DeployClass Name="DependencyModule">
                    <Platform Name="iOSDevice32">
                        <Operation>1</Operation>
                        <Extensions>.dylib</Extensions>
                    </Platform>
                    <Platform Name="iOSDevice64">
                        <Operation>1</Operation>
                        <Extensions>.dylib</Extensions>
                    </Platform>
                    <Platform Name="iOSSimulator">
                        <Operation>1</Operation>
                        <Extensions>.dylib</Extensions>
                    </Platform>
                    <Platform Name="OSX32">
                        <RemoteDir>Contents\MacOS</RemoteDir>
                        <Operation>1</Operation>
                        <Extensions>.dylib</Extensions>
                    </Platform>
                    <Platform Name="Win32">
                        <Operation>0</Operation>
                        <Extensions>.dll;.bpl</Extensions>
                    </Platform>
                </DeployClass>
                <DeployClass Required="true" Name="DependencyPackage">
                    <Platform Name="iOSDevice32">
                        <Operation>1</Operation>
                        <Extensions>.dylib</Extensions>
                    </Platform>
                    <Platform Name="iOSDevice64">
                        <Operation>1</Operation>
                        <Extensions>.dylib</Extensions>
                    </Platform>
                    <Platform Name="iOSSimulator">
                        <Operation>1</Operation>
                        <Extensions>.dylib</Extensions>
                    </Platform>
                    <Platform Name="OSX32">
                        <RemoteDir>Contents\MacOS</RemoteDir>
                        <Operation>1</Operation>
                        <Extensions>.dylib</Extensions>
                    </Platform>
                    <Platform Name="Win32">
                        <Operation>0</Operation>
                        <Extensions>.bpl</Extensions>
                    </Platform>
                </DeployClass>
                <DeployClass Name="File">
                    <Platform Name="Android">
                        <Operation>0</Operation>
                    </Platform>
                    <Platform Name="iOSDevice32">
                        <Operation>0</Operation>
                    </Platform>
                    <Platform Name="iOSDevice64">
                        <Operation>0</Operation>
                    </Platform>
                    <Platform Name="iOSSimulator">
                        <Operation>0</Operation>
                    </Platform>
                    <Platform Name="OSX32">
                        <RemoteDir>Contents\Resources\StartUp\</RemoteDir>
                        <Operation>0</Operation>
                    </Platform>
                    <Platform Name="Win32">
                        <Operation>0</Operation>
                    </Platform>
                </DeployClass>
                <DeployClass Name="iPad_Launch1024">
                    <Platform Name="iOSDevice32">
                        <Operation>1</Operation>
                    </Platform>
                    <Platform Name="iOSDevice64">
                        <Operation>1</Operation>
                    </Platform>
                    <Platform Name="iOSSimulator">
                        <Operation>1</Operation>
                    </Platform>
                </DeployClass>
                <DeployClass Name="iPad_Launch1536">
                    <Platform Name="iOSDevice32">
                        <Operation>1</Operation>
                    </Platform>
                    <Platform Name="iOSDevice64">
                        <Operation>1</Operation>
                    </Platform>
                    <Platform Name="iOSSimulator">
                        <Operation>1</Operation>
                    </Platform>
                </DeployClass>
                <DeployClass Name="iPad_Launch2048">
                    <Platform Name="iOSDevice32">
                        <Operation>1</Operation>
                    </Platform>
                    <Platform Name="iOSDevice64">
                        <Operation>1</Operation>
                    </Platform>
                    <Platform Name="iOSSimulator">
                        <Operation>1</Operation>
                    </Platform>
                </DeployClass>
                <DeployClass Name="iPad_Launch768">
                    <Platform Name="iOSDevice32">
                        <Operation>1</Operation>
                    </Platform>
                    <Platform Name="iOSDevice64">
                        <Operation>1</Operation>
                    </Platform>
                    <Platform Name="iOSSimulator">
                        <Operation>1</Operation>
                    </Platform>
                </DeployClass>
                <DeployClass Name="iPhone_Launch320">
                    <Platform Name="iOSDevice32">
                        <Operation>1</Operation>
                    </Platform>
                    <Platform Name="iOSDevice64">
                        <Operation>1</Operation>
                    </Platform>
                    <Platform Name="iOSSimulator">
                        <Operation>1</Operation>
                    </Platform>
                </DeployClass>
                <DeployClass Name="iPhone_Launch640">
                    <Platform Name="iOSDevice32">
                        <Operation>1</Operation>
                    </Platform>
                    <Platform Name="iOSDevice64">
                        <Operation>1</Operation>
                    </Platform>
                    <Platform Name="iOSSimulator">
                        <Operation>1</Operation>
                    </Platform>
                </DeployClass>
                <DeployClass Name="iPhone_Launch640x1136">
                    <Platform Name="iOSDevice32">
                        <Operation>1</Operation>
                    </Platform>
                    <Platform Name="iOSDevice64">
                        <Operation>1</Operation>
                    </Platform>
                    <Platform Name="iOSSimulator">
                        <Operation>1</Operation>
                    </Platform>
                </DeployClass>
                <DeployClass Name="ProjectAndroidManifest">
                    <Platform Name="Android">
                        <Operation>1</Operation>
                    </Platform>
                </DeployClass>
                <DeployClass Name="ProjectiOSDeviceDebug">
                    <Platform Name="iOSDevice32">
                        <RemoteDir>..\$(PROJECTNAME).app.dSYM\Contents\Resources\DWARF</RemoteDir>
                        <Operation>1</Operation>
                    </Platform>
                    <Platform Name="iOSDevice64">
                        <RemoteDir>..\$(PROJECTNAME).app.dSYM\Contents\Resources\DWARF</RemoteDir>
                        <Operation>1</Operation>
                    </Platform>
                </DeployClass>
                <DeployClass Name="ProjectiOSDeviceResourceRules">
                    <Platform Name="iOSDevice32">
                        <Operation>1</Operation>
                    </Platform>
                    <Platform Name="iOSDevice64">
                        <Operation>1</Operation>
                    </Platform>
                </DeployClass>
                <DeployClass Name="ProjectiOSEntitlements">
                    <Platform Name="iOSDevice32">
                        <RemoteDir>..\</RemoteDir>
                        <Operation>1</Operation>
                    </Platform>
                    <Platform Name="iOSDevice64">
                        <RemoteDir>..\</RemoteDir>
                        <Operation>1</Operation>
                    </Platform>
                </DeployClass>
                <DeployClass Name="ProjectiOSInfoPList">
                    <Platform Name="iOSDevice32">
                        <Operation>1</Operation>
                    </Platform>
                    <Platform Name="iOSDevice64">
                        <Operation>1</Operation>
                    </Platform>
                    <Platform Name="iOSSimulator">
                        <Operation>1</Operation>
                    </Platform>
                </DeployClass>
                <DeployClass Name="ProjectiOSResource">
                    <Platform Name="iOSDevice32">
                        <Operation>1</Operation>
                    </Platform>
                    <Platform Name="iOSDevice64">
                        <Operation>1</Operation>
                    </Platform>
                    <Platform Name="iOSSimulator">
                        <Operation>1</Operation>
                    </Platform>
                </DeployClass>
                <DeployClass Name="ProjectOSXEntitlements">
                    <Platform Name="OSX32">
                        <RemoteDir>..\</RemoteDir>
                        <Operation>1</Operation>
                    </Platform>
                </DeployClass>
                <DeployClass Name="ProjectOSXInfoPList">
                    <Platform Name="OSX32">
                        <RemoteDir>Contents</RemoteDir>
                        <Operation>1</Operation>
                    </Platform>
                </DeployClass>
                <DeployClass Name="ProjectOSXResource">
                    <Platform Name="OSX32">
                        <RemoteDir>Contents\Resources</RemoteDir>
                        <Operation>1</Operation>
                    </Platform>
                </DeployClass>
                <DeployClass Required="true" Name="ProjectOutput">
                    <Platform Name="Android">
                        <RemoteDir>library\lib\armeabi-v7a</RemoteDir>
                        <Operation>1</Operation>
                    </Platform>
                    <Platform Name="iOSDevice32">
                        <Operation>1</Operation>
                    </Platform>
                    <Platform Name="iOSDevice64">
                        <Operation>1</Operation>
                    </Platform>
                    <Platform Name="iOSSimulator">
                        <Operation>1</Operation>
                    </Platform>
                    <Platform Name="Linux64">
                        <Operation>1</Operation>
                    </Platform>
                    <Platform Name="OSX32">
                        <RemoteDir>Contents\MacOS</RemoteDir>
                        <Operation>1</Operation>
                    </Platform>
                    <Platform Name="Win32">
                        <Operation>0</Operation>
                    </Platform>
                </DeployClass>
                <DeployClass Name="ProjectUWPManifest">
                    <Platform Name="Win32">
                        <Operation>1</Operation>
                    </Platform>
                    <Platform Name="Win64">
                        <Operation>1</Operation>
                    </Platform>
                </DeployClass>
                <DeployClass Name="UWP_DelphiLogo150">
                    <Platform Name="Win32">
                        <RemoteDir>Assets</RemoteDir>
                        <Operation>1</Operation>
                    </Platform>
                    <Platform Name="Win64">
                        <RemoteDir>Assets</RemoteDir>
                        <Operation>1</Operation>
                    </Platform>
                </DeployClass>
                <DeployClass Name="UWP_DelphiLogo44">
                    <Platform Name="Win32">
                        <RemoteDir>Assets</RemoteDir>
                        <Operation>1</Operation>
                    </Platform>
                    <Platform Name="Win64">
                        <RemoteDir>Assets</RemoteDir>
                        <Operation>1</Operation>
                    </Platform>
                </DeployClass>
                <ProjectRoot Platform="iOSDevice64" Name="$(PROJECTNAME).app"/>
                <ProjectRoot Platform="Win64" Name="$(PROJECTNAME)"/>
                <ProjectRoot Platform="iOSDevice32" Name="$(PROJECTNAME).app"/>
                <ProjectRoot Platform="Linux64" Name="$(PROJECTNAME)"/>
                <ProjectRoot Platform="Win32" Name="$(PROJECTNAME)"/>
                <ProjectRoot Platform="OSX32" Name="$(PROJECTNAME).app"/>
                <ProjectRoot Platform="Android" Name="$(PROJECTNAME)"/>
                <ProjectRoot Platform="iOSSimulator" Name="$(PROJECTNAME).app"/>
            </Deployment>
            <ModelSupport>False</ModelSupport>
        </BorlandProject>
        <ProjectFileVersion>12</ProjectFileVersion>
    </ProjectExtensions>
    <Import Project="$(BDS)\Bin\CodeGear.Delphi.Targets" Condition="Exists('$(BDS)\Bin\CodeGear.Delphi.Targets')"/>
    <Import Project="$(APPDATA)\Embarcadero\$(BDSAPPDATABASEDIR)\$(PRODUCTVERSION)\UserTools.proj" Condition="Exists('$(APPDATA)\Embarcadero\$(BDSAPPDATABASEDIR)\$(PRODUCTVERSION)\UserTools.proj')"/>
    <Import Project="$(MSBuildProjectName).deployproj" Condition="Exists('$(MSBuildProjectName).deployproj')"/>
</Project>
